<Solution>
  <Folder Name="/src/">
    <Project Path="src/Crm.Api/Crm.Api.csproj" />
    <Project Path="src/Crm.Migrator/Crm.Migrator.csproj" />
    <Project Path="src/Crm.Worker/Crm.Worker.csproj" />
  </Folder>
  <Folder Name="/src/Modules/" />
  <Folder Name="/src/Modules/Activities/">
    <Project Path="src/Modules/Activities/Crm.Modules.Activities.Api/Crm.Modules.Activities.Api.csproj" />
    <Project Path="src/Modules/Activities/Crm.Modules.Activities.Application/Crm.Modules.Activities.Application.csproj" />
    <Project Path="src/Modules/Activities/Crm.Modules.Activities.Contracts/Crm.Modules.Activities.Contracts.csproj" />
    <Project Path="src/Modules/Activities/Crm.Modules.Activities.Domain/Crm.Modules.Activities.Domain.csproj" />
    <Project Path="src/Modules/Activities/Crm.Modules.Activities.Infrastructure/Crm.Modules.Activities.Infrastructure.csproj" />
  </Folder>
  <Folder Name="/src/Modules/Commerce/">
    <Project Path="src/Modules/Commerce/Crm.Modules.Commerce.Api/Crm.Modules.Commerce.Api.csproj" />
    <Project Path="src/Modules/Commerce/Crm.Modules.Commerce.Application/Crm.Modules.Commerce.Application.csproj" />
    <Project Path="src/Modules/Commerce/Crm.Modules.Commerce.Contracts/Crm.Modules.Commerce.Contracts.csproj" />
    <Project Path="src/Modules/Commerce/Crm.Modules.Commerce.Domain/Crm.Modules.Commerce.Domain.csproj" />
    <Project Path="src/Modules/Commerce/Crm.Modules.Commerce.Infrastructure/Crm.Modules.Commerce.Infrastructure.csproj" />
  </Folder>
  <Folder Name="/src/Modules/Identity/">
    <Project Path="src/Modules/Identity/Crm.Modules.Identity.Api/Crm.Modules.Identity.Api.csproj" />
    <Project Path="src/Modules/Identity/Crm.Modules.Identity.Application/Crm.Modules.Identity.Application.csproj" />
    <Project Path="src/Modules/Identity/Crm.Modules.Identity.Contracts/Crm.Modules.Identity.Contracts.csproj" />
    <Project Path="src/Modules/Identity/Crm.Modules.Identity.Domain/Crm.Modules.Identity.Domain.csproj" />
    <Project Path="src/Modules/Identity/Crm.Modules.Identity.Infrastructure/Crm.Modules.Identity.Infrastructure.csproj" />
  </Folder>
  <Folder Name="/src/Modules/Sales/">
    <Project Path="src/Modules/Sales/Crm.Modules.Sales.Api/Crm.Modules.Sales.Api.csproj" />
    <Project Path="src/Modules/Sales/Crm.Modules.Sales.Application/Crm.Modules.Sales.Application.csproj" />
    <Project Path="src/Modules/Sales/Crm.Modules.Sales.Contracts/Crm.Modules.Sales.Contracts.csproj" />
    <Project Path="src/Modules/Sales/Crm.Modules.Sales.Domain/Crm.Modules.Sales.Domain.csproj" />
    <Project Path="src/Modules/Sales/Crm.Modules.Sales.Infrastructure/Crm.Modules.Sales.Infrastructure.csproj" />
  </Folder>
  <Folder Name="/src/Modules/Workflows/">
    <Project Path="src/Modules/Workflows/Crm.Modules.Workflows.Api/Crm.Modules.Workflows.Api.csproj" />
    <Project Path="src/Modules/Workflows/Crm.Modules.Workflows.Application/Crm.Modules.Workflows.Application.csproj" />
    <Project Path="src/Modules/Workflows/Crm.Modules.Workflows.Contracts/Crm.Modules.Workflows.Contracts.csproj" />
    <Project Path="src/Modules/Workflows/Crm.Modules.Workflows.Domain/Crm.Modules.Workflows.Domain.csproj" />
    <Project Path="src/Modules/Workflows/Crm.Modules.Workflows.Infrastructure/Crm.Modules.Workflows.Infrastructure.csproj" />
  </Folder>
  <Folder Name="/src/Shared/">
    <Project Path="src/Shared/Crm.Shared.Contracts/Crm.Shared.Contracts.csproj" />
    <Project Path="src/Shared/Crm.Shared.Infrastructure/Crm.Shared.Infrastructure.csproj" />
    <Project Path="src/Shared/Crm.Shared.Kernel/Crm.Shared.Kernel.csproj" />
    <Project Path="src/Shared/Crm.Shared.Web/Crm.Shared.Web.csproj" />
  </Folder>
  <Folder Name="/tests/">
    <Project Path="tests/Crm.Tests.Architecture/Crm.Tests.Architecture.csproj" />
    <Project Path="tests/Crm.Tests.Shared/Crm.Tests.Shared.csproj" />
    <Project Path="tests/Crm.Tests.TenantIsolation/Crm.Tests.TenantIsolation.csproj" />
  </Folder>
  <Folder Name="/tests/Modules/">
    <Project Path="tests/Modules/Crm.Modules.Activities.Tests/Crm.Modules.Activities.Tests.csproj" />
    <Project Path="tests/Modules/Crm.Modules.Commerce.Tests/Crm.Modules.Commerce.Tests.csproj" />
    <Project Path="tests/Modules/Crm.Modules.Identity.Tests/Crm.Modules.Identity.Tests.csproj" />
    <Project Path="tests/Modules/Crm.Modules.Sales.Tests/Crm.Modules.Sales.Tests.csproj" />
    <Project Path="tests/Modules/Crm.Modules.Workflows.Tests/Crm.Modules.Workflows.Tests.csproj" />
    <Project Path="tests/Modules/Crm.Shared.Infrastructure.Tests/Crm.Shared.Infrastructure.Tests.csproj" />
    <Project Path="tests/Modules/Crm.Shared.Kernel.Tests/Crm.Shared.Kernel.Tests.csproj" />
  </Folder>
</Solution>
